
Microsoft Visual Studio Solution File, Format Version 12.00
# Visual Studio 14
VisualStudioVersion = 14.0.25420.1
MinimumVisualStudioVersion = 10.0.40219.1
Project("{F184B08F-C81C-45F6-A57F-5ABD9991F28F}") = "ARIAKA.EnStock.Win", "ARIAKA.EnStock.Win\ARIAKA.EnStock.Win.vbproj", "{FCCED77F-AD12-4FB0-B982-C1FCD8AAEB48}"
EndProject
Project("{F184B08F-C81C-45F6-A57F-5ABD9991F28F}") = "ARIAKA.EnStock.Data", "ARIAKA.EnStock.Data\ARIAKA.EnStock.Data.vbproj", "{A2377E29-6E1B-4F16-A702-26249C86BE59}"
EndProject
Global
	GlobalSection(SolutionConfigurationPlatforms) = preSolution
		Debug|Any CPU = Debug|Any CPU
		Release|Any CPU = Release|Any CPU
	EndGlobalSection
	GlobalSection(ProjectConfigurationPlatforms) = postSolution
		{FCCED77F-AD12-4FB0-B982-C1FCD8AAEB48}.Debug|Any CPU.ActiveCfg = Debug|Any CPU
		{FCCED77F-AD12-4FB0-B982-C1FCD8AAEB48}.Debug|Any CPU.Build.0 = Debug|Any CPU
		{FCCED77F-AD12-4FB0-B982-C1FCD8AAEB48}.Release|Any CPU.ActiveCfg = Release|Any CPU
		{FCCED77F-AD12-4FB0-B982-C1FCD8AAEB48}.Release|Any CPU.Build.0 = Release|Any CPU
		{A2377E29-6E1B-4F16-A702-26249C86BE59}.Debug|Any CPU.ActiveCfg = Debug|Any CPU
		{A2377E29-6E1B-4F16-A702-26249C86BE59}.Debug|Any CPU.Build.0 = Debug|Any CPU
		{A2377E29-6E1B-4F16-A702-26249C86BE59}.Release|Any CPU.ActiveCfg = Release|Any CPU
		{A2377E29-6E1B-4F16-A702-26249C86BE59}.Release|Any CPU.Build.0 = Release|Any CPU
	EndGlobalSection
	GlobalSection(SolutionProperties) = preSolution
		HideSolutionNode = FALSE
	EndGlobalSection
EndGlobal
